// !$*UTF8*$!
{
	archiveVersion = 1;
	classes = {
	};
	objectVersion = 46;
	objects = {

/* Begin PBXBuildFile section */
		633BCD951C32728400648852 /* CardListViewController.swift in Sources */ = {isa = PBXBuildFile; fileRef = 633BCD941C32728400648852 /* CardListViewController.swift */; };
		633BCD971C35221700648852 /* WalkingViewController.swift in Sources */ = {isa = PBXBuildFile; fileRef = 633BCD961C35221700648852 /* WalkingViewController.swift */; };
		633BCD991C353C3B00648852 /* CardViewController.swift in Sources */ = {isa = PBXBuildFile; fileRef = 633BCD981C353C3B00648852 /* CardViewController.swift */; };
		633EAEF51CA2CC590048262E /* finish.png in Resources */ = {isa = PBXBuildFile; fileRef = 633EAEF31CA2CC590048262E /* finish.png */; };
		633EAEF61CA2CC590048262E /* tyukan.png in Resources */ = {isa = PBXBuildFile; fileRef = 633EAEF41CA2CC590048262E /* tyukan.png */; };
		633EAEF81CA2CD5C0048262E /* MiddleViewController.swift in Sources */ = {isa = PBXBuildFile; fileRef = 633EAEF71CA2CD5C0048262E /* MiddleViewController.swift */; };
		633EAEFA1CA2CD9A0048262E /* FinishViewController.swift in Sources */ = {isa = PBXBuildFile; fileRef = 633EAEF91CA2CD9A0048262E /* FinishViewController.swift */; };
		635BA57F1C834CF7008AD16B /* aminekirin.png in Resources */ = {isa = PBXBuildFile; fileRef = 635BA54E1C834CF7008AD16B /* aminekirin.png */; };
		635BA5801C834CF7008AD16B /* amurutora.png in Resources */ = {isa = PBXBuildFile; fileRef = 635BA54F1C834CF7008AD16B /* amurutora.png */; };
		635BA5811C834CF7008AD16B /* asika.png in Resources */ = {isa = PBXBuildFile; fileRef = 635BA5501C834CF7008AD16B /* asika.png */; };
		635BA5821C834CF7008AD16B /* button.png in Resources */ = {isa = PBXBuildFile; fileRef = 635BA5511C834CF7008AD16B /* button.png */; };
		635BA5831C834CF7008AD16B /* elephant.png in Resources */ = {isa = PBXBuildFile; fileRef = 635BA5521C834CF7008AD16B /* elephant.png */; };
		635BA5841C834CF7008AD16B /* false.png in Resources */ = {isa = PBXBuildFile; fileRef = 635BA5531C834CF7008AD16B /* false.png */; };
		635BA5851C834CF7008AD16B /* giraffe.png in Resources */ = {isa = PBXBuildFile; fileRef = 635BA5541C834CF7008AD16B /* giraffe.png */; };
		635BA5861C834CF7008AD16B /* gyo.png in Resources */ = {isa = PBXBuildFile; fileRef = 635BA5551C834CF7008AD16B /* gyo.png */; };
		635BA5871C834CF7008AD16B /* hatyu.png in Resources */ = {isa = PBXBuildFile; fileRef = 635BA5561C834CF7008AD16B /* hatyu.png */; };
		635BA5881C834CF7008AD16B /* higasikurosai.png in Resources */ = {isa = PBXBuildFile; fileRef = 635BA5571C834CF7008AD16B /* higasikurosai.png */; };
		635BA5891C834CF7008AD16B /* hituji.png in Resources */ = {isa = PBXBuildFile; fileRef = 635BA5581C834CF7008AD16B /* hituji.png */; };
		635BA58A1C834CF7008AD16B /* ho.png in Resources */ = {isa = PBXBuildFile; fileRef = 635BA5591C834CF7008AD16B /* ho.png */; };
		635BA58B1C834CF7008AD16B /* hokkyokuguma.png in Resources */ = {isa = PBXBuildFile; fileRef = 635BA55A1C834CF7008AD16B /* hokkyokuguma.png */; };
		635BA58C1C834CF7008AD16B /* hooakatoki.png in Resources */ = {isa = PBXBuildFile; fileRef = 635BA55B1C834CF7008AD16B /* hooakatoki.png */; };
		635BA58D1C834CF7008AD16B /* HowToPlay.png in Resources */ = {isa = PBXBuildFile; fileRef = 635BA55C1C834CF7008AD16B /* HowToPlay.png */; };
		635BA58E1C834CF7008AD16B /* hunborutopengin.png in Resources */ = {isa = PBXBuildFile; fileRef = 635BA55D1C834CF7008AD16B /* hunborutopengin.png */; };
		635BA58F1C834CF7008AD16B /* husaonezumikangaru.png in Resources */ = {isa = PBXBuildFile; fileRef = 635BA55E1C834CF7008AD16B /* husaonezumikangaru.png */; };
		635BA5901C834CF7008AD16B /* hutakoburakuda.png in Resources */ = {isa = PBXBuildFile; fileRef = 635BA55F1C834CF7008AD16B /* hutakoburakuda.png */; };
		635BA5911C834CF7008AD16B /* kobito-mangusu.png in Resources */ = {isa = PBXBuildFile; fileRef = 635BA5601C834CF7008AD16B /* kobito-mangusu.png */; };
		635BA5921C834CF7008AD16B /* koi.png in Resources */ = {isa = PBXBuildFile; fileRef = 635BA5611C834CF7008AD16B /* koi.png */; };
		635BA5931C834CF7008AD16B /* kosankei.png in Resources */ = {isa = PBXBuildFile; fileRef = 635BA5621C834CF7008AD16B /* kosankei.png */; };
		635BA5941C834CF7008AD16B /* lion.png in Resources */ = {isa = PBXBuildFile; fileRef = 635BA5631C834CF7008AD16B /* lion.png */; };
		635BA5961C834CF7008AD16B /* meganeguma.png in Resources */ = {isa = PBXBuildFile; fileRef = 635BA5651C834CF7008AD16B /* meganeguma.png */; };
		635BA5971C834CF7008AD16B /* muhuron.png in Resources */ = {isa = PBXBuildFile; fileRef = 635BA5661C834CF7008AD16B /* muhuron.png */; };
		635BA5981C834CF7008AD16B /* nihonkounotori.png in Resources */ = {isa = PBXBuildFile; fileRef = 635BA5671C834CF7008AD16B /* nihonkounotori.png */; };
		635BA5991C834CF7008AD16B /* quiz.png in Resources */ = {isa = PBXBuildFile; fileRef = 635BA5681C834CF7008AD16B /* quiz.png */; };
		635BA59B1C834CF7008AD16B /* raion.png in Resources */ = {isa = PBXBuildFile; fileRef = 635BA56A1C834CF7008AD16B /* raion.png */; };
		635BA59C1C834CF7008AD16B /* ressa-panda.png in Resources */ = {isa = PBXBuildFile; fileRef = 635BA56B1C834CF7008AD16B /* ressa-panda.png */; };
		635BA59E1C834CF7008AD16B /* ryou.png in Resources */ = {isa = PBXBuildFile; fileRef = 635BA56D1C834CF7008AD16B /* ryou.png */; };
		635BA59F1C834CF7008AD16B /* se-ka-hayabusa.png in Resources */ = {isa = PBXBuildFile; fileRef = 635BA56E1C834CF7008AD16B /* se-ka-hayabusa.png */; };
		635BA5A01C834CF7008AD16B /* select.png in Resources */ = {isa = PBXBuildFile; fileRef = 635BA56F1C834CF7008AD16B /* select.png */; };
		635BA5A11C834CF7008AD16B /* shishiozaru.png in Resources */ = {isa = PBXBuildFile; fileRef = 635BA5701C834CF7008AD16B /* shishiozaru.png */; };
		635BA5A21C834CF7008AD16B /* sirikennimori.png in Resources */ = {isa = PBXBuildFile; fileRef = 635BA5711C834CF7008AD16B /* sirikennimori.png */; };
		635BA5A31C834CF7008AD16B /* sirohukurou.png in Resources */ = {isa = PBXBuildFile; fileRef = 635BA5721C834CF7008AD16B /* sirohukurou.png */; };
		635BA5A41C834CF7008AD16B /* sodeguroduru.png in Resources */ = {isa = PBXBuildFile; fileRef = 635BA5731C834CF7008AD16B /* sodeguroduru.png */; };
		635BA5A51C834CF7008AD16B /* start.png in Resources */ = {isa = PBXBuildFile; fileRef = 635BA5741C834CF7008AD16B /* start.png */; };
		635BA5A61C834CF7008AD16B /* sunadorineko.png in Resources */ = {isa = PBXBuildFile; fileRef = 635BA5751C834CF7008AD16B /* sunadorineko.png */; };
		635BA5A71C834CF7008AD16B /* taizou.png in Resources */ = {isa = PBXBuildFile; fileRef = 635BA5761C834CF7008AD16B /* taizou.png */; };
		635BA5A81C834CF7008AD16B /* tinpanji.png in Resources */ = {isa = PBXBuildFile; fileRef = 635BA5771C834CF7008AD16B /* tinpanji.png */; };
		635BA5A91C834CF7008AD16B /* tirihuramingo.png in Resources */ = {isa = PBXBuildFile; fileRef = 635BA5781C834CF7008AD16B /* tirihuramingo.png */; };
		635BA5AA1C834CF7008AD16B /* true.png in Resources */ = {isa = PBXBuildFile; fileRef = 635BA5791C834CF7008AD16B /* true.png */; };
		635BA5AB1C834CF7008AD16B /* tyou.png in Resources */ = {isa = PBXBuildFile; fileRef = 635BA57A1C834CF7008AD16B /* tyou.png */; };
		635BA5AC1C834CF7008AD16B /* tyugokuookami.png in Resources */ = {isa = PBXBuildFile; fileRef = 635BA57B1C834CF7008AD16B /* tyugokuookami.png */; };
		635BA5AD1C834CF7008AD16B /* vikutoriakoara.png in Resources */ = {isa = PBXBuildFile; fileRef = 635BA57C1C834CF7008AD16B /* vikutoriakoara.png */; };
		635BA5AE1C834CF7008AD16B /* walking.png in Resources */ = {isa = PBXBuildFile; fileRef = 635BA57D1C834CF7008AD16B /* walking.png */; };
		635BA5AF1C834CF7008AD16B /* yousukouwani.png in Resources */ = {isa = PBXBuildFile; fileRef = 635BA57E1C834CF7008AD16B /* yousukouwani.png */; };
		6388A1E71C9050DB001B29F8 /* #aminekirin.png in Resources */ = {isa = PBXBuildFile; fileRef = 6388A1C91C9050DB001B29F8 /* #aminekirin.png */; };
		6388A1E81C9050DB001B29F8 /* #amurutora.png in Resources */ = {isa = PBXBuildFile; fileRef = 6388A1CA1C9050DB001B29F8 /* #amurutora.png */; };
		6388A1E91C9050DB001B29F8 /* #asika.png in Resources */ = {isa = PBXBuildFile; fileRef = 6388A1CB1C9050DB001B29F8 /* #asika.png */; };
		6388A1EA1C9050DB001B29F8 /* #higasikurosai.png in Resources */ = {isa = PBXBuildFile; fileRef = 6388A1CC1C9050DB001B29F8 /* #higasikurosai.png */; };
		6388A1EB1C9050DB001B29F8 /* #hituji.png in Resources */ = {isa = PBXBuildFile; fileRef = 6388A1CD1C9050DB001B29F8 /* #hituji.png */; };
		6388A1EC1C9050DB001B29F8 /* #hokkyokuguma.png in Resources */ = {isa = PBXBuildFile; fileRef = 6388A1CE1C9050DB001B29F8 /* #hokkyokuguma.png */; };
		6388A1ED1C9050DB001B29F8 /* #hooakatoki.png in Resources */ = {isa = PBXBuildFile; fileRef = 6388A1CF1C9050DB001B29F8 /* #hooakatoki.png */; };
		6388A1EE1C9050DB001B29F8 /* #hunborutopengin.png in Resources */ = {isa = PBXBuildFile; fileRef = 6388A1D01C9050DB001B29F8 /* #hunborutopengin.png */; };
		6388A1EF1C9050DB001B29F8 /* #husaonezumikangaru.png in Resources */ = {isa = PBXBuildFile; fileRef = 6388A1D11C9050DB001B29F8 /* #husaonezumikangaru.png */; };
		6388A1F01C9050DB001B29F8 /* #hutakoburakuda.png in Resources */ = {isa = PBXBuildFile; fileRef = 6388A1D21C9050DB001B29F8 /* #hutakoburakuda.png */; };
		6388A1F11C9050DB001B29F8 /* #kobito-mangusu.png in Resources */ = {isa = PBXBuildFile; fileRef = 6388A1D31C9050DB001B29F8 /* #kobito-mangusu.png */; };
		6388A1F21C9050DB001B29F8 /* #koi.png in Resources */ = {isa = PBXBuildFile; fileRef = 6388A1D41C9050DB001B29F8 /* #koi.png */; };
		6388A1F31C9050DB001B29F8 /* #kosankei.png in Resources */ = {isa = PBXBuildFile; fileRef = 6388A1D51C9050DB001B29F8 /* #kosankei.png */; };
		6388A1F41C9050DB001B29F8 /* #meganeguma.png in Resources */ = {isa = PBXBuildFile; fileRef = 6388A1D61C9050DB001B29F8 /* #meganeguma.png */; };
		6388A1F51C9050DB001B29F8 /* #muhuron.png in Resources */ = {isa = PBXBuildFile; fileRef = 6388A1D71C9050DB001B29F8 /* #muhuron.png */; };
		6388A1F61C9050DB001B29F8 /* #nihonkounotori.png in Resources */ = {isa = PBXBuildFile; fileRef = 6388A1D81C9050DB001B29F8 /* #nihonkounotori.png */; };
		6388A1F71C9050DB001B29F8 /* #raion.png in Resources */ = {isa = PBXBuildFile; fileRef = 6388A1D91C9050DB001B29F8 /* #raion.png */; };
		6388A1F81C9050DB001B29F8 /* #ressa-panda.png in Resources */ = {isa = PBXBuildFile; fileRef = 6388A1DA1C9050DB001B29F8 /* #ressa-panda.png */; };
		6388A1F91C9050DB001B29F8 /* #se-ka-hayabusa.png in Resources */ = {isa = PBXBuildFile; fileRef = 6388A1DB1C9050DB001B29F8 /* #se-ka-hayabusa.png */; };
		6388A1FA1C9050DB001B29F8 /* #shishiozaru.png in Resources */ = {isa = PBXBuildFile; fileRef = 6388A1DC1C9050DB001B29F8 /* #shishiozaru.png */; };
		6388A1FB1C9050DB001B29F8 /* #sirikennimori.png in Resources */ = {isa = PBXBuildFile; fileRef = 6388A1DD1C9050DB001B29F8 /* #sirikennimori.png */; };
		6388A1FC1C9050DB001B29F8 /* #sirohukurou.png in Resources */ = {isa = PBXBuildFile; fileRef = 6388A1DE1C9050DB001B29F8 /* #sirohukurou.png */; };
		6388A1FD1C9050DB001B29F8 /* #sodeguroduru.png in Resources */ = {isa = PBXBuildFile; fileRef = 6388A1DF1C9050DB001B29F8 /* #sodeguroduru.png */; };
		6388A1FE1C9050DB001B29F8 /* #sunadorineko.png in Resources */ = {isa = PBXBuildFile; fileRef = 6388A1E01C9050DB001B29F8 /* #sunadorineko.png */; };
		6388A1FF1C9050DB001B29F8 /* #taizou.png in Resources */ = {isa = PBXBuildFile; fileRef = 6388A1E11C9050DB001B29F8 /* #taizou.png */; };
		6388A2001C9050DB001B29F8 /* #tinpanji.png in Resources */ = {isa = PBXBuildFile; fileRef = 6388A1E21C9050DB001B29F8 /* #tinpanji.png */; };
		6388A2011C9050DB001B29F8 /* #tirihuramingo.png in Resources */ = {isa = PBXBuildFile; fileRef = 6388A1E31C9050DB001B29F8 /* #tirihuramingo.png */; };
		6388A2021C9050DB001B29F8 /* #tyugokuookami.png in Resources */ = {isa = PBXBuildFile; fileRef = 6388A1E41C9050DB001B29F8 /* #tyugokuookami.png */; };
		6388A2031C9050DB001B29F8 /* #vikutoriakoara.png in Resources */ = {isa = PBXBuildFile; fileRef = 6388A1E51C9050DB001B29F8 /* #vikutoriakoara.png */; };
		6388A2041C9050DB001B29F8 /* #yousukouwani.png in Resources */ = {isa = PBXBuildFile; fileRef = 6388A1E61C9050DB001B29F8 /* #yousukouwani.png */; };
		6388A2061C9051D9001B29F8 /* ComentViewController.swift in Sources */ = {isa = PBXBuildFile; fileRef = 6388A2051C9051D9001B29F8 /* ComentViewController.swift */; };
		63C6143B1C4C957200DC9707 /* Main.storyboard in Resources */ = {isa = PBXBuildFile; fileRef = 63C6140E1C4C957200DC9707 /* Main.storyboard */; };
		63CEC2701C2DADA900632FDB /* AppDelegate.swift in Sources */ = {isa = PBXBuildFile; fileRef = 63CEC26F1C2DADA900632FDB /* AppDelegate.swift */; };
		63CEC2721C2DADA900632FDB /* HomeController.swift in Sources */ = {isa = PBXBuildFile; fileRef = 63CEC2711C2DADA900632FDB /* HomeController.swift */; };
		63CEC2771C2DADA900632FDB /* Assets.xcassets in Resources */ = {isa = PBXBuildFile; fileRef = 63CEC2761C2DADA900632FDB /* Assets.xcassets */; };
		63CEC27A1C2DADA900632FDB /* LaunchScreen.storyboard in Resources */ = {isa = PBXBuildFile; fileRef = 63CEC2781C2DADA900632FDB /* LaunchScreen.storyboard */; };
		63CEC2851C2DADA900632FDB /* TennojiZooBeaconTests.swift in Sources */ = {isa = PBXBuildFile; fileRef = 63CEC2841C2DADA900632FDB /* TennojiZooBeaconTests.swift */; };
		63CEC2901C2DADA900632FDB /* TennojiZooBeaconUITests.swift in Sources */ = {isa = PBXBuildFile; fileRef = 63CEC28F1C2DADA900632FDB /* TennojiZooBeaconUITests.swift */; };
		63CEC2B01C304B8900632FDB /* UIKit.framework in Frameworks */ = {isa = PBXBuildFile; fileRef = 63CEC2AF1C304B8900632FDB /* UIKit.framework */; };
		63CEC2B21C304B9400632FDB /* CoreLocation.framework in Frameworks */ = {isa = PBXBuildFile; fileRef = 63CEC2B11C304B9400632FDB /* CoreLocation.framework */; };
		63CEC2B61C31212900632FDB /* QuizViewController.swift in Sources */ = {isa = PBXBuildFile; fileRef = 63CEC2B51C31212900632FDB /* QuizViewController.swift */; };
		63CEC2B81C312B1E00632FDB /* RouteViewController.swift in Sources */ = {isa = PBXBuildFile; fileRef = 63CEC2B71C312B1E00632FDB /* RouteViewController.swift */; };
		63CEC2BC1C31632700632FDB /* CorrectViewController.swift in Sources */ = {isa = PBXBuildFile; fileRef = 63CEC2BB1C31632700632FDB /* CorrectViewController.swift */; };
		63CEC2BE1C31633E00632FDB /* FalseViewController.swift in Sources */ = {isa = PBXBuildFile; fileRef = 63CEC2BD1C31633E00632FDB /* FalseViewController.swift */; };
		63FDFE601C7CBC3700E06597 /* HowToPlayViewController.swift in Sources */ = {isa = PBXBuildFile; fileRef = 63FDFE5F1C7CBC3700E06597 /* HowToPlayViewController.swift */; };
/* End PBXBuildFile section */

/* Begin PBXContainerItemProxy section */
		63CEC2811C2DADA900632FDB /* PBXContainerItemProxy */ = {
			isa = PBXContainerItemProxy;
			containerPortal = 63CEC2641C2DADA900632FDB /* Project object */;
			proxyType = 1;
			remoteGlobalIDString = 63CEC26B1C2DADA900632FDB;
			remoteInfo = TennojiZooBeacon;
		};
		63CEC28C1C2DADA900632FDB /* PBXContainerItemProxy */ = {
			isa = PBXContainerItemProxy;
			containerPortal = 63CEC2641C2DADA900632FDB /* Project object */;
			proxyType = 1;
			remoteGlobalIDString = 63CEC26B1C2DADA900632FDB;
			remoteInfo = TennojiZooBeacon;
		};
/* End PBXContainerItemProxy section */

/* Begin PBXFileReference section */
		633BCD941C32728400648852 /* CardListViewController.swift */ = {isa = PBXFileReference; fileEncoding = 4; lastKnownFileType = sourcecode.swift; path = CardListViewController.swift; sourceTree = "<group>"; };
		633BCD961C35221700648852 /* WalkingViewController.swift */ = {isa = PBXFileReference; fileEncoding = 4; lastKnownFileType = sourcecode.swift; path = WalkingViewController.swift; sourceTree = "<group>"; };
		633BCD981C353C3B00648852 /* CardViewController.swift */ = {isa = PBXFileReference; fileEncoding = 4; lastKnownFileType = sourcecode.swift; path = CardViewController.swift; sourceTree = "<group>"; };
		633EAEF31CA2CC590048262E /* finish.png */ = {isa = PBXFileReference; lastKnownFileType = image.png; path = finish.png; sourceTree = SOURCE_ROOT; };
		633EAEF41CA2CC590048262E /* tyukan.png */ = {isa = PBXFileReference; lastKnownFileType = image.png; path = tyukan.png; sourceTree = SOURCE_ROOT; };
		633EAEF71CA2CD5C0048262E /* MiddleViewController.swift */ = {isa = PBXFileReference; fileEncoding = 4; lastKnownFileType = sourcecode.swift; path = MiddleViewController.swift; sourceTree = "<group>"; };
		633EAEF91CA2CD9A0048262E /* FinishViewController.swift */ = {isa = PBXFileReference; fileEncoding = 4; lastKnownFileType = sourcecode.swift; path = FinishViewController.swift; sourceTree = "<group>"; };
		635BA54E1C834CF7008AD16B /* aminekirin.png */ = {isa = PBXFileReference; lastKnownFileType = image.png; path = aminekirin.png; sourceTree = SOURCE_ROOT; };
		635BA54F1C834CF7008AD16B /* amurutora.png */ = {isa = PBXFileReference; lastKnownFileType = image.png; path = amurutora.png; sourceTree = SOURCE_ROOT; };
		635BA5501C834CF7008AD16B /* asika.png */ = {isa = PBXFileReference; lastKnownFileType = image.png; path = asika.png; sourceTree = SOURCE_ROOT; };
		635BA5511C834CF7008AD16B /* button.png */ = {isa = PBXFileReference; lastKnownFileType = image.png; path = button.png; sourceTree = SOURCE_ROOT; };
		635BA5521C834CF7008AD16B /* elephant.png */ = {isa = PBXFileReference; lastKnownFileType = image.png; path = elephant.png; sourceTree = SOURCE_ROOT; };
		635BA5531C834CF7008AD16B /* false.png */ = {isa = PBXFileReference; lastKnownFileType = image.png; path = false.png; sourceTree = SOURCE_ROOT; };
		635BA5541C834CF7008AD16B /* giraffe.png */ = {isa = PBXFileReference; lastKnownFileType = image.png; path = giraffe.png; sourceTree = SOURCE_ROOT; };
		635BA5551C834CF7008AD16B /* gyo.png */ = {isa = PBXFileReference; lastKnownFileType = image.png; path = gyo.png; sourceTree = SOURCE_ROOT; };
		635BA5561C834CF7008AD16B /* hatyu.png */ = {isa = PBXFileReference; lastKnownFileType = image.png; path = hatyu.png; sourceTree = SOURCE_ROOT; };
		635BA5571C834CF7008AD16B /* higasikurosai.png */ = {isa = PBXFileReference; lastKnownFileType = image.png; path = higasikurosai.png; sourceTree = SOURCE_ROOT; };
		635BA5581C834CF7008AD16B /* hituji.png */ = {isa = PBXFileReference; lastKnownFileType = image.png; path = hituji.png; sourceTree = SOURCE_ROOT; };
		635BA5591C834CF7008AD16B /* ho.png */ = {isa = PBXFileReference; lastKnownFileType = image.png; path = ho.png; sourceTree = SOURCE_ROOT; };
		635BA55A1C834CF7008AD16B /* hokkyokuguma.png */ = {isa = PBXFileReference; lastKnownFileType = image.png; path = hokkyokuguma.png; sourceTree = SOURCE_ROOT; };
		635BA55B1C834CF7008AD16B /* hooakatoki.png */ = {isa = PBXFileReference; lastKnownFileType = image.png; path = hooakatoki.png; sourceTree = SOURCE_ROOT; };
		635BA55C1C834CF7008AD16B /* HowToPlay.png */ = {isa = PBXFileReference; lastKnownFileType = image.png; path = HowToPlay.png; sourceTree = SOURCE_ROOT; };
		635BA55D1C834CF7008AD16B /* hunborutopengin.png */ = {isa = PBXFileReference; lastKnownFileType = image.png; path = hunborutopengin.png; sourceTree = SOURCE_ROOT; };
		635BA55E1C834CF7008AD16B /* husaonezumikangaru.png */ = {isa = PBXFileReference; lastKnownFileType = image.png; path = husaonezumikangaru.png; sourceTree = SOURCE_ROOT; };
		635BA55F1C834CF7008AD16B /* hutakoburakuda.png */ = {isa = PBXFileReference; lastKnownFileType = image.png; path = hutakoburakuda.png; sourceTree = SOURCE_ROOT; };
		635BA5601C834CF7008AD16B /* kobito-mangusu.png */ = {isa = PBXFileReference; lastKnownFileType = image.png; path = "kobito-mangusu.png"; sourceTree = SOURCE_ROOT; };
		635BA5611C834CF7008AD16B /* koi.png */ = {isa = PBXFileReference; lastKnownFileType = image.png; path = koi.png; sourceTree = SOURCE_ROOT; };
		635BA5621C834CF7008AD16B /* kosankei.png */ = {isa = PBXFileReference; lastKnownFileType = image.png; path = kosankei.png; sourceTree = SOURCE_ROOT; };
		635BA5631C834CF7008AD16B /* lion.png */ = {isa = PBXFileReference; lastKnownFileType = image.png; path = lion.png; sourceTree = SOURCE_ROOT; };
		635BA5651C834CF7008AD16B /* meganeguma.png */ = {isa = PBXFileReference; lastKnownFileType = image.png; path = meganeguma.png; sourceTree = SOURCE_ROOT; };
		635BA5661C834CF7008AD16B /* muhuron.png */ = {isa = PBXFileReference; lastKnownFileType = image.png; path = muhuron.png; sourceTree = SOURCE_ROOT; };
		635BA5671C834CF7008AD16B /* nihonkounotori.png */ = {isa = PBXFileReference; lastKnownFileType = image.png; path = nihonkounotori.png; sourceTree = SOURCE_ROOT; };
		635BA5681C834CF7008AD16B /* quiz.png */ = {isa = PBXFileReference; lastKnownFileType = image.png; path = quiz.png; sourceTree = SOURCE_ROOT; };
		635BA56A1C834CF7008AD16B /* raion.png */ = {isa = PBXFileReference; lastKnownFileType = image.png; path = raion.png; sourceTree = SOURCE_ROOT; };
		635BA56B1C834CF7008AD16B /* ressa-panda.png */ = {isa = PBXFileReference; lastKnownFileType = image.png; path = "ressa-panda.png"; sourceTree = SOURCE_ROOT; };
		635BA56D1C834CF7008AD16B /* ryou.png */ = {isa = PBXFileReference; lastKnownFileType = image.png; path = ryou.png; sourceTree = SOURCE_ROOT; };
		635BA56E1C834CF7008AD16B /* se-ka-hayabusa.png */ = {isa = PBXFileReference; lastKnownFileType = image.png; path = "se-ka-hayabusa.png"; sourceTree = SOURCE_ROOT; };
		635BA56F1C834CF7008AD16B /* select.png */ = {isa = PBXFileReference; lastKnownFileType = image.png; path = select.png; sourceTree = SOURCE_ROOT; };
		635BA5701C834CF7008AD16B /* shishiozaru.png */ = {isa = PBXFileReference; lastKnownFileType = image.png; path = shishiozaru.png; sourceTree = SOURCE_ROOT; };
		635BA5711C834CF7008AD16B /* sirikennimori.png */ = {isa = PBXFileReference; lastKnownFileType = image.png; path = sirikennimori.png; sourceTree = SOURCE_ROOT; };
		635BA5721C834CF7008AD16B /* sirohukurou.png */ = {isa = PBXFileReference; lastKnownFileType = image.png; path = sirohukurou.png; sourceTree = SOURCE_ROOT; };
		635BA5731C834CF7008AD16B /* sodeguroduru.png */ = {isa = PBXFileReference; lastKnownFileType = image.png; path = sodeguroduru.png; sourceTree = SOURCE_ROOT; };
		635BA5741C834CF7008AD16B /* start.png */ = {isa = PBXFileReference; lastKnownFileType = image.png; path = start.png; sourceTree = SOURCE_ROOT; };
		635BA5751C834CF7008AD16B /* sunadorineko.png */ = {isa = PBXFileReference; lastKnownFileType = image.png; path = sunadorineko.png; sourceTree = SOURCE_ROOT; };
		635BA5761C834CF7008AD16B /* taizou.png */ = {isa = PBXFileReference; lastKnownFileType = image.png; path = taizou.png; sourceTree = SOURCE_ROOT; };
		635BA5771C834CF7008AD16B /* tinpanji.png */ = {isa = PBXFileReference; lastKnownFileType = image.png; path = tinpanji.png; sourceTree = SOURCE_ROOT; };
		635BA5781C834CF7008AD16B /* tirihuramingo.png */ = {isa = PBXFileReference; lastKnownFileType = image.png; path = tirihuramingo.png; sourceTree = SOURCE_ROOT; };
		635BA5791C834CF7008AD16B /* true.png */ = {isa = PBXFileReference; lastKnownFileType = image.png; path = true.png; sourceTree = SOURCE_ROOT; };
		635BA57A1C834CF7008AD16B /* tyou.png */ = {isa = PBXFileReference; lastKnownFileType = image.png; path = tyou.png; sourceTree = SOURCE_ROOT; };
		635BA57B1C834CF7008AD16B /* tyugokuookami.png */ = {isa = PBXFileReference; lastKnownFileType = image.png; path = tyugokuookami.png; sourceTree = SOURCE_ROOT; };
		635BA57C1C834CF7008AD16B /* vikutoriakoara.png */ = {isa = PBXFileReference; lastKnownFileType = image.png; path = vikutoriakoara.png; sourceTree = SOURCE_ROOT; };
		635BA57D1C834CF7008AD16B /* walking.png */ = {isa = PBXFileReference; lastKnownFileType = image.png; path = walking.png; sourceTree = SOURCE_ROOT; };
		635BA57E1C834CF7008AD16B /* yousukouwani.png */ = {isa = PBXFileReference; lastKnownFileType = image.png; path = yousukouwani.png; sourceTree = SOURCE_ROOT; };
		6388A1C91C9050DB001B29F8 /* #aminekirin.png */ = {isa = PBXFileReference; lastKnownFileType = image.png; path = "#aminekirin.png"; sourceTree = SOURCE_ROOT; };
		6388A1CA1C9050DB001B29F8 /* #amurutora.png */ = {isa = PBXFileReference; lastKnownFileType = image.png; path = "#amurutora.png"; sourceTree = SOURCE_ROOT; };
		6388A1CB1C9050DB001B29F8 /* #asika.png */ = {isa = PBXFileReference; lastKnownFileType = image.png; path = "#asika.png"; sourceTree = SOURCE_ROOT; };
		6388A1CC1C9050DB001B29F8 /* #higasikurosai.png */ = {isa = PBXFileReference; lastKnownFileType = image.png; path = "#higasikurosai.png"; sourceTree = SOURCE_ROOT; };
		6388A1CD1C9050DB001B29F8 /* #hituji.png */ = {isa = PBXFileReference; lastKnownFileType = image.png; path = "#hituji.png"; sourceTree = SOURCE_ROOT; };
		6388A1CE1C9050DB001B29F8 /* #hokkyokuguma.png */ = {isa = PBXFileReference; lastKnownFileType = image.png; path = "#hokkyokuguma.png"; sourceTree = SOURCE_ROOT; };
		6388A1CF1C9050DB001B29F8 /* #hooakatoki.png */ = {isa = PBXFileReference; lastKnownFileType = image.png; path = "#hooakatoki.png"; sourceTree = SOURCE_ROOT; };
		6388A1D01C9050DB001B29F8 /* #hunborutopengin.png */ = {isa = PBXFileReference; lastKnownFileType = image.png; path = "#hunborutopengin.png"; sourceTree = SOURCE_ROOT; };
		6388A1D11C9050DB001B29F8 /* #husaonezumikangaru.png */ = {isa = PBXFileReference; lastKnownFileType = image.png; path = "#husaonezumikangaru.png"; sourceTree = SOURCE_ROOT; };
		6388A1D21C9050DB001B29F8 /* #hutakoburakuda.png */ = {isa = PBXFileReference; lastKnownFileType = image.png; path = "#hutakoburakuda.png"; sourceTree = SOURCE_ROOT; };
		6388A1D31C9050DB001B29F8 /* #kobito-mangusu.png */ = {isa = PBXFileReference; lastKnownFileType = image.png; path = "#kobito-mangusu.png"; sourceTree = SOURCE_ROOT; };
		6388A1D41C9050DB001B29F8 /* #koi.png */ = {isa = PBXFileReference; lastKnownFileType = image.png; path = "#koi.png"; sourceTree = SOURCE_ROOT; };
		6388A1D51C9050DB001B29F8 /* #kosankei.png */ = {isa = PBXFileReference; lastKnownFileType = image.png; path = "#kosankei.png"; sourceTree = SOURCE_ROOT; };
		6388A1D61C9050DB001B29F8 /* #meganeguma.png */ = {isa = PBXFileReference; lastKnownFileType = image.png; path = "#meganeguma.png"; sourceTree = SOURCE_ROOT; };
		6388A1D71C9050DB001B29F8 /* #muhuron.png */ = {isa = PBXFileReference; lastKnownFileType = image.png; path = "#muhuron.png"; sourceTree = SOURCE_ROOT; };
		6388A1D81C9050DB001B29F8 /* #nihonkounotori.png */ = {isa = PBXFileReference; lastKnownFileType = image.png; path = "#nihonkounotori.png"; sourceTree = SOURCE_ROOT; };
		6388A1D91C9050DB001B29F8 /* #raion.png */ = {isa = PBXFileReference; lastKnownFileType = image.png; path = "#raion.png"; sourceTree = SOURCE_ROOT; };
		6388A1DA1C9050DB001B29F8 /* #ressa-panda.png */ = {isa = PBXFileReference; lastKnownFileType = image.png; path = "#ressa-panda.png"; sourceTree = SOURCE_ROOT; };
		6388A1DB1C9050DB001B29F8 /* #se-ka-hayabusa.png */ = {isa = PBXFileReference; lastKnownFileType = image.png; path = "#se-ka-hayabusa.png"; sourceTree = SOURCE_ROOT; };
		6388A1DC1C9050DB001B29F8 /* #shishiozaru.png */ = {isa = PBXFileReference; lastKnownFileType = image.png; path = "#shishiozaru.png"; sourceTree = SOURCE_ROOT; };
		6388A1DD1C9050DB001B29F8 /* #sirikennimori.png */ = {isa = PBXFileReference; lastKnownFileType = image.png; path = "#sirikennimori.png"; sourceTree = SOURCE_ROOT; };
		6388A1DE1C9050DB001B29F8 /* #sirohukurou.png */ = {isa = PBXFileReference; lastKnownFileType = image.png; path = "#sirohukurou.png"; sourceTree = SOURCE_ROOT; };
		6388A1DF1C9050DB001B29F8 /* #sodeguroduru.png */ = {isa = PBXFileReference; lastKnownFileType = image.png; path = "#sodeguroduru.png"; sourceTree = SOURCE_ROOT; };
		6388A1E01C9050DB001B29F8 /* #sunadorineko.png */ = {isa = PBXFileReference; lastKnownFileType = image.png; path = "#sunadorineko.png"; sourceTree = SOURCE_ROOT; };
		6388A1E11C9050DB001B29F8 /* #taizou.png */ = {isa = PBXFileReference; lastKnownFileType = image.png; path = "#taizou.png"; sourceTree = SOURCE_ROOT; };
		6388A1E21C9050DB001B29F8 /* #tinpanji.png */ = {isa = PBXFileReference; lastKnownFileType = image.png; path = "#tinpanji.png"; sourceTree = SOURCE_ROOT; };
		6388A1E31C9050DB001B29F8 /* #tirihuramingo.png */ = {isa = PBXFileReference; lastKnownFileType = image.png; path = "#tirihuramingo.png"; sourceTree = SOURCE_ROOT; };
		6388A1E41C9050DB001B29F8 /* #tyugokuookami.png */ = {isa = PBXFileReference; lastKnownFileType = image.png; path = "#tyugokuookami.png"; sourceTree = SOURCE_ROOT; };
		6388A1E51C9050DB001B29F8 /* #vikutoriakoara.png */ = {isa = PBXFileReference; lastKnownFileType = image.png; path = "#vikutoriakoara.png"; sourceTree = SOURCE_ROOT; };
		6388A1E61C9050DB001B29F8 /* #yousukouwani.png */ = {isa = PBXFileReference; lastKnownFileType = image.png; path = "#yousukouwani.png"; sourceTree = SOURCE_ROOT; };
		6388A2051C9051D9001B29F8 /* ComentViewController.swift */ = {isa = PBXFileReference; fileEncoding = 4; lastKnownFileType = sourcecode.swift; path = ComentViewController.swift; sourceTree = "<group>"; };
		63C6140E1C4C957200DC9707 /* Main.storyboard */ = {isa = PBXFileReference; fileEncoding = 4; lastKnownFileType = file.storyboard; path = Main.storyboard; sourceTree = SOURCE_ROOT; };
		63CEC26C1C2DADA900632FDB /* TennojiZooBeacon.app */ = {isa = PBXFileReference; explicitFileType = wrapper.application; includeInIndex = 0; path = TennojiZooBeacon.app; sourceTree = BUILT_PRODUCTS_DIR; };
		63CEC26F1C2DADA900632FDB /* AppDelegate.swift */ = {isa = PBXFileReference; lastKnownFileType = sourcecode.swift; path = AppDelegate.swift; sourceTree = "<group>"; };
		63CEC2711C2DADA900632FDB /* HomeController.swift */ = {isa = PBXFileReference; lastKnownFileType = sourcecode.swift; path = HomeController.swift; sourceTree = "<group>"; };
		63CEC2761C2DADA900632FDB /* Assets.xcassets */ = {isa = PBXFileReference; lastKnownFileType = folder.assetcatalog; path = Assets.xcassets; sourceTree = "<group>"; };
		63CEC2791C2DADA900632FDB /* Base */ = {isa = PBXFileReference; lastKnownFileType = file.storyboard; name = Base; path = Base.lproj/LaunchScreen.storyboard; sourceTree = "<group>"; };
		63CEC27B1C2DADA900632FDB /* Info.plist */ = {isa = PBXFileReference; lastKnownFileType = text.plist.xml; path = Info.plist; sourceTree = "<group>"; };
		63CEC2801C2DADA900632FDB /* TennojiZooBeaconTests.xctest */ = {isa = PBXFileReference; explicitFileType = wrapper.cfbundle; includeInIndex = 0; path = TennojiZooBeaconTests.xctest; sourceTree = BUILT_PRODUCTS_DIR; };
		63CEC2841C2DADA900632FDB /* TennojiZooBeaconTests.swift */ = {isa = PBXFileReference; lastKnownFileType = sourcecode.swift; path = TennojiZooBeaconTests.swift; sourceTree = "<group>"; };
		63CEC2861C2DADA900632FDB /* Info.plist */ = {isa = PBXFileReference; lastKnownFileType = text.plist.xml; path = Info.plist; sourceTree = "<group>"; };
		63CEC28B1C2DADA900632FDB /* TennojiZooBeaconUITests.xctest */ = {isa = PBXFileReference; explicitFileType = wrapper.cfbundle; includeInIndex = 0; path = TennojiZooBeaconUITests.xctest; sourceTree = BUILT_PRODUCTS_DIR; };
		63CEC28F1C2DADA900632FDB /* TennojiZooBeaconUITests.swift */ = {isa = PBXFileReference; lastKnownFileType = sourcecode.swift; path = TennojiZooBeaconUITests.swift; sourceTree = "<group>"; };
		63CEC2911C2DADA900632FDB /* Info.plist */ = {isa = PBXFileReference; lastKnownFileType = text.plist.xml; path = Info.plist; sourceTree = "<group>"; };
		63CEC2AF1C304B8900632FDB /* UIKit.framework */ = {isa = PBXFileReference; lastKnownFileType = wrapper.framework; name = UIKit.framework; path = System/Library/Frameworks/UIKit.framework; sourceTree = SDKROOT; };
		63CEC2B11C304B9400632FDB /* CoreLocation.framework */ = {isa = PBXFileReference; lastKnownFileType = wrapper.framework; name = CoreLocation.framework; path = System/Library/Frameworks/CoreLocation.framework; sourceTree = SDKROOT; };
		63CEC2B51C31212900632FDB /* QuizViewController.swift */ = {isa = PBXFileReference; fileEncoding = 4; lastKnownFileType = sourcecode.swift; name = QuizViewController.swift; path = ../QuizViewController.swift; sourceTree = "<group>"; };
		63CEC2B71C312B1E00632FDB /* RouteViewController.swift */ = {isa = PBXFileReference; fileEncoding = 4; lastKnownFileType = sourcecode.swift; name = RouteViewController.swift; path = ../RouteViewController.swift; sourceTree = "<group>"; };
		63CEC2BB1C31632700632FDB /* CorrectViewController.swift */ = {isa = PBXFileReference; fileEncoding = 4; lastKnownFileType = sourcecode.swift; path = CorrectViewController.swift; sourceTree = "<group>"; };
		63CEC2BD1C31633E00632FDB /* FalseViewController.swift */ = {isa = PBXFileReference; fileEncoding = 4; lastKnownFileType = sourcecode.swift; path = FalseViewController.swift; sourceTree = "<group>"; };
		63FDFE5F1C7CBC3700E06597 /* HowToPlayViewController.swift */ = {isa = PBXFileReference; fileEncoding = 4; lastKnownFileType = sourcecode.swift; path = HowToPlayViewController.swift; sourceTree = "<group>"; };
/* End PBXFileReference section */

/* Begin PBXFrameworksBuildPhase section */
		63CEC2691C2DADA900632FDB /* Frameworks */ = {
			isa = PBXFrameworksBuildPhase;
			buildActionMask = 2147483647;
			files = (
				63CEC2B21C304B9400632FDB /* CoreLocation.framework in Frameworks */,
				63CEC2B01C304B8900632FDB /* UIKit.framework in Frameworks */,
			);
			runOnlyForDeploymentPostprocessing = 0;
		};
		63CEC27D1C2DADA900632FDB /* Frameworks */ = {
			isa = PBXFrameworksBuildPhase;
			buildActionMask = 2147483647;
			files = (
			);
			runOnlyForDeploymentPostprocessing = 0;
		};
		63CEC2881C2DADA900632FDB /* Frameworks */ = {
			isa = PBXFrameworksBuildPhase;
			buildActionMask = 2147483647;
			files = (
			);
			runOnlyForDeploymentPostprocessing = 0;
		};
/* End PBXFrameworksBuildPhase section */

/* Begin PBXGroup section */
		63CEC2631C2DADA900632FDB = {
			isa = PBXGroup;
			children = (
				63CEC2B11C304B9400632FDB /* CoreLocation.framework */,
				63CEC2AF1C304B8900632FDB /* UIKit.framework */,
				63CEC26E1C2DADA900632FDB /* TennojiZooBeacon */,
				63CEC2831C2DADA900632FDB /* TennojiZooBeaconTests */,
				63CEC28E1C2DADA900632FDB /* TennojiZooBeaconUITests */,
				63CEC26D1C2DADA900632FDB /* Products */,
			);
			sourceTree = "<group>";
		};
		63CEC26D1C2DADA900632FDB /* Products */ = {
			isa = PBXGroup;
			children = (
				63CEC26C1C2DADA900632FDB /* TennojiZooBeacon.app */,
				63CEC2801C2DADA900632FDB /* TennojiZooBeaconTests.xctest */,
				63CEC28B1C2DADA900632FDB /* TennojiZooBeaconUITests.xctest */,
			);
			name = Products;
			sourceTree = "<group>";
		};
		63CEC26E1C2DADA900632FDB /* TennojiZooBeacon */ = {
			isa = PBXGroup;
			children = (
				63CEC26F1C2DADA900632FDB /* AppDelegate.swift */,
				63CEC2711C2DADA900632FDB /* HomeController.swift */,
				63CEC2B71C312B1E00632FDB /* RouteViewController.swift */,
				63CEC2B51C31212900632FDB /* QuizViewController.swift */,
				63C6140E1C4C957200DC9707 /* Main.storyboard */,
				633EAEF71CA2CD5C0048262E /* MiddleViewController.swift */,
				633EAEF91CA2CD9A0048262E /* FinishViewController.swift */,
				63FDFE5F1C7CBC3700E06597 /* HowToPlayViewController.swift */,
				6388A2051C9051D9001B29F8 /* ComentViewController.swift */,
				633BCD981C353C3B00648852 /* CardViewController.swift */,
				633BCD961C35221700648852 /* WalkingViewController.swift */,
				633BCD941C32728400648852 /* CardListViewController.swift */,
				63CEC2BB1C31632700632FDB /* CorrectViewController.swift */,
				63CEC2BD1C31633E00632FDB /* FalseViewController.swift */,
				63CEC2761C2DADA900632FDB /* Assets.xcassets */,
				63CEC2781C2DADA900632FDB /* LaunchScreen.storyboard */,
				63CEC27B1C2DADA900632FDB /* Info.plist */,
				633EAEF31CA2CC590048262E /* finish.png */,
				633EAEF41CA2CC590048262E /* tyukan.png */,
				6388A1C91C9050DB001B29F8 /* #aminekirin.png */,
				6388A1CA1C9050DB001B29F8 /* #amurutora.png */,
				6388A1CB1C9050DB001B29F8 /* #asika.png */,
				6388A1CC1C9050DB001B29F8 /* #higasikurosai.png */,
				6388A1CD1C9050DB001B29F8 /* #hituji.png */,
				6388A1CE1C9050DB001B29F8 /* #hokkyokuguma.png */,
				6388A1CF1C9050DB001B29F8 /* #hooakatoki.png */,
				6388A1D01C9050DB001B29F8 /* #hunborutopengin.png */,
				6388A1D11C9050DB001B29F8 /* #husaonezumikangaru.png */,
				6388A1D21C9050DB001B29F8 /* #hutakoburakuda.png */,
				6388A1D31C9050DB001B29F8 /* #kobito-mangusu.png */,
				6388A1D41C9050DB001B29F8 /* #koi.png */,
				6388A1D51C9050DB001B29F8 /* #kosankei.png */,
				6388A1D61C9050DB001B29F8 /* #meganeguma.png */,
				6388A1D71C9050DB001B29F8 /* #muhuron.png */,
				6388A1D81C9050DB001B29F8 /* #nihonkounotori.png */,
				6388A1D91C9050DB001B29F8 /* #raion.png */,
				6388A1DA1C9050DB001B29F8 /* #ressa-panda.png */,
				6388A1DB1C9050DB001B29F8 /* #se-ka-hayabusa.png */,
				6388A1DC1C9050DB001B29F8 /* #shishiozaru.png */,
				6388A1DD1C9050DB001B29F8 /* #sirikennimori.png */,
				6388A1DE1C9050DB001B29F8 /* #sirohukurou.png */,
				6388A1DF1C9050DB001B29F8 /* #sodeguroduru.png */,
				6388A1E01C9050DB001B29F8 /* #sunadorineko.png */,
				6388A1E11C9050DB001B29F8 /* #taizou.png */,
				6388A1E21C9050DB001B29F8 /* #tinpanji.png */,
				6388A1E31C9050DB001B29F8 /* #tirihuramingo.png */,
				6388A1E41C9050DB001B29F8 /* #tyugokuookami.png */,
				6388A1E51C9050DB001B29F8 /* #vikutoriakoara.png */,
				6388A1E61C9050DB001B29F8 /* #yousukouwani.png */,
				635BA54E1C834CF7008AD16B /* aminekirin.png */,
				635BA54F1C834CF7008AD16B /* amurutora.png */,
				635BA5501C834CF7008AD16B /* asika.png */,
				635BA5511C834CF7008AD16B /* button.png */,
				635BA5521C834CF7008AD16B /* elephant.png */,
				635BA5531C834CF7008AD16B /* false.png */,
				635BA5541C834CF7008AD16B /* giraffe.png */,
				635BA5551C834CF7008AD16B /* gyo.png */,
				635BA5561C834CF7008AD16B /* hatyu.png */,
				635BA5571C834CF7008AD16B /* higasikurosai.png */,
				635BA5581C834CF7008AD16B /* hituji.png */,
				635BA5591C834CF7008AD16B /* ho.png */,
				635BA55A1C834CF7008AD16B /* hokkyokuguma.png */,
				635BA55B1C834CF7008AD16B /* hooakatoki.png */,
				635BA55C1C834CF7008AD16B /* HowToPlay.png */,
				635BA55D1C834CF7008AD16B /* hunborutopengin.png */,
				635BA55E1C834CF7008AD16B /* husaonezumikangaru.png */,
				635BA55F1C834CF7008AD16B /* hutakoburakuda.png */,
				635BA5601C834CF7008AD16B /* kobito-mangusu.png */,
				635BA5611C834CF7008AD16B /* koi.png */,
				635BA5621C834CF7008AD16B /* kosankei.png */,
				635BA5631C834CF7008AD16B /* lion.png */,
				635BA5651C834CF7008AD16B /* meganeguma.png */,
				635BA5661C834CF7008AD16B /* muhuron.png */,
				635BA5671C834CF7008AD16B /* nihonkounotori.png */,
				635BA5681C834CF7008AD16B /* quiz.png */,
				635BA56A1C834CF7008AD16B /* raion.png */,
				635BA56B1C834CF7008AD16B /* ressa-panda.png */,
				635BA56D1C834CF7008AD16B /* ryou.png */,
				635BA56E1C834CF7008AD16B /* se-ka-hayabusa.png */,
				635BA56F1C834CF7008AD16B /* select.png */,
				635BA5701C834CF7008AD16B /* shishiozaru.png */,
				635BA5711C834CF7008AD16B /* sirikennimori.png */,
				635BA5721C834CF7008AD16B /* sirohukurou.png */,
				635BA5731C834CF7008AD16B /* sodeguroduru.png */,
				635BA5741C834CF7008AD16B /* start.png */,
				635BA5751C834CF7008AD16B /* sunadorineko.png */,
				635BA5761C834CF7008AD16B /* taizou.png */,
				635BA5771C834CF7008AD16B /* tinpanji.png */,
				635BA5781C834CF7008AD16B /* tirihuramingo.png */,
				635BA5791C834CF7008AD16B /* true.png */,
				635BA57A1C834CF7008AD16B /* tyou.png */,
				635BA57B1C834CF7008AD16B /* tyugokuookami.png */,
				635BA57C1C834CF7008AD16B /* vikutoriakoara.png */,
				635BA57D1C834CF7008AD16B /* walking.png */,
				635BA57E1C834CF7008AD16B /* yousukouwani.png */,
			);
			path = TennojiZooBeacon;
			sourceTree = "<group>";
		};
		63CEC2831C2DADA900632FDB /* TennojiZooBeaconTests */ = {
			isa = PBXGroup;
			children = (
				63CEC2841C2DADA900632FDB /* TennojiZooBeaconTests.swift */,
				63CEC2861C2DADA900632FDB /* Info.plist */,
			);
			path = TennojiZooBeaconTests;
			sourceTree = "<group>";
		};
		63CEC28E1C2DADA900632FDB /* TennojiZooBeaconUITests */ = {
			isa = PBXGroup;
			children = (
				63CEC28F1C2DADA900632FDB /* TennojiZooBeaconUITests.swift */,
				63CEC2911C2DADA900632FDB /* Info.plist */,
			);
			path = TennojiZooBeaconUITests;
			sourceTree = "<group>";
		};
/* End PBXGroup section */

/* Begin PBXNativeTarget section */
		63CEC26B1C2DADA900632FDB /* TennojiZooBeacon */ = {
			isa = PBXNativeTarget;
			buildConfigurationList = 63CEC2941C2DADA900632FDB /* Build configuration list for PBXNativeTarget "TennojiZooBeacon" */;
			buildPhases = (
				63CEC2681C2DADA900632FDB /* Sources */,
				63CEC2691C2DADA900632FDB /* Frameworks */,
				63CEC26A1C2DADA900632FDB /* Resources */,
			);
			buildRules = (
			);
			dependencies = (
			);
			name = TennojiZooBeacon;
			productName = TennojiZooBeacon;
			productReference = 63CEC26C1C2DADA900632FDB /* TennojiZooBeacon.app */;
			productType = "com.apple.product-type.application";
		};
		63CEC27F1C2DADA900632FDB /* TennojiZooBeaconTests */ = {
			isa = PBXNativeTarget;
			buildConfigurationList = 63CEC2971C2DADA900632FDB /* Build configuration list for PBXNativeTarget "TennojiZooBeaconTests" */;
			buildPhases = (
				63CEC27C1C2DADA900632FDB /* Sources */,
				63CEC27D1C2DADA900632FDB /* Frameworks */,
				63CEC27E1C2DADA900632FDB /* Resources */,
			);
			buildRules = (
			);
			dependencies = (
				63CEC2821C2DADA900632FDB /* PBXTargetDependency */,
			);
			name = TennojiZooBeaconTests;
			productName = TennojiZooBeaconTests;
			productReference = 63CEC2801C2DADA900632FDB /* TennojiZooBeaconTests.xctest */;
			productType = "com.apple.product-type.bundle.unit-test";
		};
		63CEC28A1C2DADA900632FDB /* TennojiZooBeaconUITests */ = {
			isa = PBXNativeTarget;
			buildConfigurationList = 63CEC29A1C2DADA900632FDB /* Build configuration list for PBXNativeTarget "TennojiZooBeaconUITests" */;
			buildPhases = (
				63CEC2871C2DADA900632FDB /* Sources */,
				63CEC2881C2DADA900632FDB /* Frameworks */,
				63CEC2891C2DADA900632FDB /* Resources */,
			);
			buildRules = (
			);
			dependencies = (
				63CEC28D1C2DADA900632FDB /* PBXTargetDependency */,
			);
			name = TennojiZooBeaconUITests;
			productName = TennojiZooBeaconUITests;
			productReference = 63CEC28B1C2DADA900632FDB /* TennojiZooBeaconUITests.xctest */;
			productType = "com.apple.product-type.bundle.ui-testing";
		};
/* End PBXNativeTarget section */

/* Begin PBXProject section */
		63CEC2641C2DADA900632FDB /* Project object */ = {
			isa = PBXProject;
			attributes = {
				LastSwiftUpdateCheck = 0720;
				LastUpgradeCheck = 0720;
				ORGANIZATIONNAME = nwatabou;
				TargetAttributes = {
					63CEC26B1C2DADA900632FDB = {
						CreatedOnToolsVersion = 7.2;
						DevelopmentTeam = GXEN49NFED;
						SystemCapabilities = {
							com.apple.BackgroundModes = {
								enabled = 1;
							};
						};
					};
					63CEC27F1C2DADA900632FDB = {
						CreatedOnToolsVersion = 7.2;
						DevelopmentTeam = GXEN49NFED;
						TestTargetID = 63CEC26B1C2DADA900632FDB;
					};
					63CEC28A1C2DADA900632FDB = {
						CreatedOnToolsVersion = 7.2;
						DevelopmentTeam = GXEN49NFED;
						TestTargetID = 63CEC26B1C2DADA900632FDB;
					};
				};
			};
			buildConfigurationList = 63CEC2671C2DADA900632FDB /* Build configuration list for PBXProject "TennojiZooBeacon" */;
			compatibilityVersion = "Xcode 3.2";
			developmentRegion = English;
			hasScannedForEncodings = 0;
			knownRegions = (
				en,
				Base,
			);
			mainGroup = 63CEC2631C2DADA900632FDB;
			productRefGroup = 63CEC26D1C2DADA900632FDB /* Products */;
			projectDirPath = "";
			projectRoot = "";
			targets = (
				63CEC26B1C2DADA900632FDB /* TennojiZooBeacon */,
				63CEC27F1C2DADA900632FDB /* TennojiZooBeaconTests */,
				63CEC28A1C2DADA900632FDB /* TennojiZooBeaconUITests */,
			);
		};
/* End PBXProject section */

/* Begin PBXResourcesBuildPhase section */
		63CEC26A1C2DADA900632FDB /* Resources */ = {
			isa = PBXResourcesBuildPhase;
			buildActionMask = 2147483647;
			files = (
				635BA58A1C834CF7008AD16B /* ho.png in Resources */,
				635BA5911C834CF7008AD16B /* kobito-mangusu.png in Resources */,
				635BA5801C834CF7008AD16B /* amurutora.png in Resources */,
				635BA5A41C834CF7008AD16B /* sodeguroduru.png in Resources */,
				635BA5A21C834CF7008AD16B /* sirikennimori.png in Resources */,
				635BA5891C834CF7008AD16B /* hituji.png in Resources */,
				635BA5821C834CF7008AD16B /* button.png in Resources */,
				63C6143B1C4C957200DC9707 /* Main.storyboard in Resources */,
				6388A1F31C9050DB001B29F8 /* #kosankei.png in Resources */,
				6388A1FF1C9050DB001B29F8 /* #taizou.png in Resources */,
				635BA5AB1C834CF7008AD16B /* tyou.png in Resources */,
				635BA5961C834CF7008AD16B /* meganeguma.png in Resources */,
				635BA5AD1C834CF7008AD16B /* vikutoriakoara.png in Resources */,
				635BA5AF1C834CF7008AD16B /* yousukouwani.png in Resources */,
				635BA5A01C834CF7008AD16B /* select.png in Resources */,
				6388A2031C9050DB001B29F8 /* #vikutoriakoara.png in Resources */,
				635BA59C1C834CF7008AD16B /* ressa-panda.png in Resources */,
				635BA5A61C834CF7008AD16B /* sunadorineko.png in Resources */,
				635BA5901C834CF7008AD16B /* hutakoburakuda.png in Resources */,
				6388A1F71C9050DB001B29F8 /* #raion.png in Resources */,
				635BA5A31C834CF7008AD16B /* sirohukurou.png in Resources */,
				635BA58B1C834CF7008AD16B /* hokkyokuguma.png in Resources */,
				635BA5851C834CF7008AD16B /* giraffe.png in Resources */,
				635BA5991C834CF7008AD16B /* quiz.png in Resources */,
				635BA5AE1C834CF7008AD16B /* walking.png in Resources */,
				6388A1F01C9050DB001B29F8 /* #hutakoburakuda.png in Resources */,
				635BA58D1C834CF7008AD16B /* HowToPlay.png in Resources */,
				635BA5A71C834CF7008AD16B /* taizou.png in Resources */,
				6388A2021C9050DB001B29F8 /* #tyugokuookami.png in Resources */,
				6388A1EE1C9050DB001B29F8 /* #hunborutopengin.png in Resources */,
				635BA5981C834CF7008AD16B /* nihonkounotori.png in Resources */,
				63CEC27A1C2DADA900632FDB /* LaunchScreen.storyboard in Resources */,
				63CEC2771C2DADA900632FDB /* Assets.xcassets in Resources */,
				6388A1FC1C9050DB001B29F8 /* #sirohukurou.png in Resources */,
				635BA5831C834CF7008AD16B /* elephant.png in Resources */,
				635BA5A51C834CF7008AD16B /* start.png in Resources */,
				6388A1E81C9050DB001B29F8 /* #amurutora.png in Resources */,
				6388A1F61C9050DB001B29F8 /* #nihonkounotori.png in Resources */,
				6388A1E71C9050DB001B29F8 /* #aminekirin.png in Resources */,
				6388A1EB1C9050DB001B29F8 /* #hituji.png in Resources */,
				6388A1ED1C9050DB001B29F8 /* #hooakatoki.png in Resources */,
				6388A1FE1C9050DB001B29F8 /* #sunadorineko.png in Resources */,
				6388A1F41C9050DB001B29F8 /* #meganeguma.png in Resources */,
				6388A1FD1C9050DB001B29F8 /* #sodeguroduru.png in Resources */,
				635BA5A11C834CF7008AD16B /* shishiozaru.png in Resources */,
				635BA5AC1C834CF7008AD16B /* tyugokuookami.png in Resources */,
				6388A1EA1C9050DB001B29F8 /* #higasikurosai.png in Resources */,
				6388A1FA1C9050DB001B29F8 /* #shishiozaru.png in Resources */,
				635BA5811C834CF7008AD16B /* asika.png in Resources */,
				633EAEF61CA2CC590048262E /* tyukan.png in Resources */,
				635BA58F1C834CF7008AD16B /* husaonezumikangaru.png in Resources */,
				6388A1EF1C9050DB001B29F8 /* #husaonezumikangaru.png in Resources */,
				635BA5971C834CF7008AD16B /* muhuron.png in Resources */,
				635BA5A91C834CF7008AD16B /* tirihuramingo.png in Resources */,
				635BA59F1C834CF7008AD16B /* se-ka-hayabusa.png in Resources */,
				6388A1EC1C9050DB001B29F8 /* #hokkyokuguma.png in Resources */,
				635BA59B1C834CF7008AD16B /* raion.png in Resources */,
				6388A1F91C9050DB001B29F8 /* #se-ka-hayabusa.png in Resources */,
				635BA58E1C834CF7008AD16B /* hunborutopengin.png in Resources */,
				6388A1F51C9050DB001B29F8 /* #muhuron.png in Resources */,
				6388A1F21C9050DB001B29F8 /* #koi.png in Resources */,
				6388A1F11C9050DB001B29F8 /* #kobito-mangusu.png in Resources */,
				635BA59E1C834CF7008AD16B /* ryou.png in Resources */,
				633EAEF51CA2CC590048262E /* finish.png in Resources */,
				635BA5AA1C834CF7008AD16B /* true.png in Resources */,
				635BA5881C834CF7008AD16B /* higasikurosai.png in Resources */,
				6388A2001C9050DB001B29F8 /* #tinpanji.png in Resources */,
				635BA58C1C834CF7008AD16B /* hooakatoki.png in Resources */,
				635BA5A81C834CF7008AD16B /* tinpanji.png in Resources */,
				635BA5871C834CF7008AD16B /* hatyu.png in Resources */,
				6388A1E91C9050DB001B29F8 /* #asika.png in Resources */,
				6388A1F81C9050DB001B29F8 /* #ressa-panda.png in Resources */,
				6388A1FB1C9050DB001B29F8 /* #sirikennimori.png in Resources */,
				635BA5861C834CF7008AD16B /* gyo.png in Resources */,
				635BA5941C834CF7008AD16B /* lion.png in Resources */,
				635BA5921C834CF7008AD16B /* koi.png in Resources */,
				635BA57F1C834CF7008AD16B /* aminekirin.png in Resources */,
				6388A2041C9050DB001B29F8 /* #yousukouwani.png in Resources */,
				635BA5841C834CF7008AD16B /* false.png in Resources */,
				6388A2011C9050DB001B29F8 /* #tirihuramingo.png in Resources */,
				635BA5931C834CF7008AD16B /* kosankei.png in Resources */,
			);
			runOnlyForDeploymentPostprocessing = 0;
		};
		63CEC27E1C2DADA900632FDB /* Resources */ = {
			isa = PBXResourcesBuildPhase;
			buildActionMask = 2147483647;
			files = (
			);
			runOnlyForDeploymentPostprocessing = 0;
		};
		63CEC2891C2DADA900632FDB /* Resources */ = {
			isa = PBXResourcesBuildPhase;
			buildActionMask = 2147483647;
			files = (
			);
			runOnlyForDeploymentPostprocessing = 0;
		};
/* End PBXResourcesBuildPhase section */

/* Begin PBXSourcesBuildPhase section */
		63CEC2681C2DADA900632FDB /* Sources */ = {
			isa = PBXSourcesBuildPhase;
			buildActionMask = 2147483647;
			files = (
				63CEC2BE1C31633E00632FDB /* FalseViewController.swift in Sources */,
				63CEC2721C2DADA900632FDB /* HomeController.swift in Sources */,
				633BCD971C35221700648852 /* WalkingViewController.swift in Sources */,
				633EAEFA1CA2CD9A0048262E /* FinishViewController.swift in Sources */,
				6388A2061C9051D9001B29F8 /* ComentViewController.swift in Sources */,
				63CEC2701C2DADA900632FDB /* AppDelegate.swift in Sources */,
				63FDFE601C7CBC3700E06597 /* HowToPlayViewController.swift in Sources */,
				63CEC2B81C312B1E00632FDB /* RouteViewController.swift in Sources */,
				633BCD991C353C3B00648852 /* CardViewController.swift in Sources */,
				63CEC2B61C31212900632FDB /* QuizViewController.swift in Sources */,
				63CEC2BC1C31632700632FDB /* CorrectViewController.swift in Sources */,
				633BCD951C32728400648852 /* CardListViewController.swift in Sources */,
				633EAEF81CA2CD5C0048262E /* MiddleViewController.swift in Sources */,
			);
			runOnlyForDeploymentPostprocessing = 0;
		};
		63CEC27C1C2DADA900632FDB /* Sources */ = {
			isa = PBXSourcesBuildPhase;
			buildActionMask = 2147483647;
			files = (
				63CEC2851C2DADA900632FDB /* TennojiZooBeaconTests.swift in Sources */,
			);
			runOnlyForDeploymentPostprocessing = 0;
		};
		63CEC2871C2DADA900632FDB /* Sources */ = {
			isa = PBXSourcesBuildPhase;
			buildActionMask = 2147483647;
			files = (
				63CEC2901C2DADA900632FDB /* TennojiZooBeaconUITests.swift in Sources */,
			);
			runOnlyForDeploymentPostprocessing = 0;
		};
/* End PBXSourcesBuildPhase section */

/* Begin PBXTargetDependency section */
		63CEC2821C2DADA900632FDB /* PBXTargetDependency */ = {
			isa = PBXTargetDependency;
			target = 63CEC26B1C2DADA900632FDB /* TennojiZooBeacon */;
			targetProxy = 63CEC2811C2DADA900632FDB /* PBXContainerItemProxy */;
		};
		63CEC28D1C2DADA900632FDB /* PBXTargetDependency */ = {
			isa = PBXTargetDependency;
			target = 63CEC26B1C2DADA900632FDB /* TennojiZooBeacon */;
			targetProxy = 63CEC28C1C2DADA900632FDB /* PBXContainerItemProxy */;
		};
/* End PBXTargetDependency section */

/* Begin PBXVariantGroup section */
		63CEC2781C2DADA900632FDB /* LaunchScreen.storyboard */ = {
			isa = PBXVariantGroup;
			children = (
				63CEC2791C2DADA900632FDB /* Base */,
			);
			name = LaunchScreen.storyboard;
			sourceTree = "<group>";
		};
/* End PBXVariantGroup section */

/* Begin XCBuildConfiguration section */
		63CEC2921C2DADA900632FDB /* Debug */ = {
			isa = XCBuildConfiguration;
			buildSettings = {
				ALWAYS_SEARCH_USER_PATHS = NO;
				CLANG_CXX_LANGUAGE_STANDARD = "gnu++0x";
				CLANG_CXX_LIBRARY = "libc++";
				CLANG_ENABLE_MODULES = YES;
				CLANG_ENABLE_OBJC_ARC = YES;
				CLANG_WARN_BOOL_CONVERSION = YES;
				CLANG_WARN_CONSTANT_CONVERSION = YES;
				CLANG_WARN_DIRECT_OBJC_ISA_USAGE = YES_ERROR;
				CLANG_WARN_EMPTY_BODY = YES;
				CLANG_WARN_ENUM_CONVERSION = YES;
				CLANG_WARN_INT_CONVERSION = YES;
				CLANG_WARN_OBJC_ROOT_CLASS = YES_ERROR;
				CLANG_WARN_UNREACHABLE_CODE = YES;
				CLANG_WARN__DUPLICATE_METHOD_MATCH = YES;
				"CODE_SIGN_IDENTITY[sdk=iphoneos*]" = "iPhone Developer";
				COPY_PHASE_STRIP = NO;
				DEBUG_INFORMATION_FORMAT = dwarf;
				ENABLE_STRICT_OBJC_MSGSEND = YES;
				ENABLE_TESTABILITY = YES;
				GCC_C_LANGUAGE_STANDARD = gnu99;
				GCC_DYNAMIC_NO_PIC = NO;
				GCC_NO_COMMON_BLOCKS = YES;
				GCC_OPTIMIZATION_LEVEL = 0;
				GCC_PREPROCESSOR_DEFINITIONS = (
					"DEBUG=1",
					"$(inherited)",
				);
				GCC_WARN_64_TO_32_BIT_CONVERSION = YES;
				GCC_WARN_ABOUT_RETURN_TYPE = YES_ERROR;
				GCC_WARN_UNDECLARED_SELECTOR = YES;
				GCC_WARN_UNINITIALIZED_AUTOS = YES_AGGRESSIVE;
				GCC_WARN_UNUSED_FUNCTION = YES;
				GCC_WARN_UNUSED_VARIABLE = YES;
				IPHONEOS_DEPLOYMENT_TARGET = 9.2;
				MTL_ENABLE_DEBUG_INFO = YES;
				ONLY_ACTIVE_ARCH = YES;
				SDKROOT = iphoneos;
				SWIFT_OPTIMIZATION_LEVEL = "-Onone";
			};
			name = Debug;
		};
		63CEC2931C2DADA900632FDB /* Release */ = {
			isa = XCBuildConfiguration;
			buildSettings = {
				ALWAYS_SEARCH_USER_PATHS = NO;
				CLANG_CXX_LANGUAGE_STANDARD = "gnu++0x";
				CLANG_CXX_LIBRARY = "libc++";
				CLANG_ENABLE_MODULES = YES;
				CLANG_ENABLE_OBJC_ARC = YES;
				CLANG_WARN_BOOL_CONVERSION = YES;
				CLANG_WARN_CONSTANT_CONVERSION = YES;
				CLANG_WARN_DIRECT_OBJC_ISA_USAGE = YES_ERROR;
				CLANG_WARN_EMPTY_BODY = YES;
				CLANG_WARN_ENUM_CONVERSION = YES;
				CLANG_WARN_INT_CONVERSION = YES;
				CLANG_WARN_OBJC_ROOT_CLASS = YES_ERROR;
				CLANG_WARN_UNREACHABLE_CODE = YES;
				CLANG_WARN__DUPLICATE_METHOD_MATCH = YES;
				"CODE_SIGN_IDENTITY[sdk=iphoneos*]" = "iPhone Developer";
				COPY_PHASE_STRIP = NO;
				DEBUG_INFORMATION_FORMAT = "dwarf-with-dsym";
				ENABLE_NS_ASSERTIONS = NO;
				ENABLE_STRICT_OBJC_MSGSEND = YES;
				GCC_C_LANGUAGE_STANDARD = gnu99;
				GCC_NO_COMMON_BLOCKS = YES;
				GCC_WARN_64_TO_32_BIT_CONVERSION = YES;
				GCC_WARN_ABOUT_RETURN_TYPE = YES_ERROR;
				GCC_WARN_UNDECLARED_SELECTOR = YES;
				GCC_WARN_UNINITIALIZED_AUTOS = YES_AGGRESSIVE;
				GCC_WARN_UNUSED_FUNCTION = YES;
				GCC_WARN_UNUSED_VARIABLE = YES;
				IPHONEOS_DEPLOYMENT_TARGET = 9.2;
				MTL_ENABLE_DEBUG_INFO = NO;
				SDKROOT = iphoneos;
				VALIDATE_PRODUCT = YES;
			};
			name = Release;
		};
		63CEC2951C2DADA900632FDB /* Debug */ = {
			isa = XCBuildConfiguration;
			buildSettings = {
				ASSETCATALOG_COMPILER_APPICON_NAME = AppIcon;
				CODE_SIGN_IDENTITY = "iPhone Developer";
				INFOPLIST_FILE = TennojiZooBeacon/Info.plist;
				IPHONEOS_DEPLOYMENT_TARGET = 9.3;
				LD_RUNPATH_SEARCH_PATHS = "$(inherited) @executable_path/Frameworks";
				PRODUCT_BUNDLE_IDENTIFIER = nwatabou.TennojiZooBeacon;
				PRODUCT_NAME = "$(TARGET_NAME)";
				TARGETED_DEVICE_FAMILY = 1;
			};
			name = Debug;
		};
		63CEC2961C2DADA900632FDB /* Release */ = {
			isa = XCBuildConfiguration;
			buildSettings = {
				ASSETCATALOG_COMPILER_APPICON_NAME = AppIcon;
				CODE_SIGN_IDENTITY = "iPhone Developer";
				INFOPLIST_FILE = TennojiZooBeacon/Info.plist;
				IPHONEOS_DEPLOYMENT_TARGET = 9.3;
				LD_RUNPATH_SEARCH_PATHS = "$(inherited) @executable_path/Frameworks";
				PRODUCT_BUNDLE_IDENTIFIER = nwatabou.TennojiZooBeacon;
				PRODUCT_NAME = "$(TARGET_NAME)";
				TARGETED_DEVICE_FAMILY = 1;
			};
			name = Release;
		};
		63CEC2981C2DADA900632FDB /* Debug */ = {
			isa = XCBuildConfiguration;
			buildSettings = {
				BUNDLE_LOADER = "$(TEST_HOST)";
				INFOPLIST_FILE = TennojiZooBeaconTests/Info.plist;
				LD_RUNPATH_SEARCH_PATHS = "$(inherited) @executable_path/Frameworks @loader_path/Frameworks";
				PRODUCT_BUNDLE_IDENTIFIER = nwatabou.TennojiZooBeaconTests;
				PRODUCT_NAME = "$(TARGET_NAME)";
				TEST_HOST = "$(BUILT_PRODUCTS_DIR)/TennojiZooBeacon.app/TennojiZooBeacon";
			};
			name = Debug;
		};
		63CEC2991C2DADA900632FDB /* Release */ = {
			isa = XCBuildConfiguration;
			buildSettings = {
				BUNDLE_LOADER = "$(TEST_HOST)";
				INFOPLIST_FILE = TennojiZooBeaconTests/Info.plist;
				LD_RUNPATH_SEARCH_PATHS = "$(inherited) @executable_path/Frameworks @loader_path/Frameworks";
				PRODUCT_BUNDLE_IDENTIFIER = nwatabou.TennojiZooBeaconTests;
				PRODUCT_NAME = "$(TARGET_NAME)";
				TEST_HOST = "$(BUILT_PRODUCTS_DIR)/TennojiZooBeacon.app/TennojiZooBeacon";
			};
			name = Release;
		};
		63CEC29B1C2DADA900632FDB /* Debug */ = {
			isa = XCBuildConfiguration;
			buildSettings = {
				INFOPLIST_FILE = TennojiZooBeaconUITests/Info.plist;
				LD_RUNPATH_SEARCH_PATHS = "$(inherited) @executable_path/Frameworks @loader_path/Frameworks";
				PRODUCT_BUNDLE_IDENTIFIER = nwatabou.TennojiZooBeaconUITests;
				PRODUCT_NAME = "$(TARGET_NAME)";
				TEST_TARGET_NAME = TennojiZooBeacon;
				USES_XCTRUNNER = YES;
			};
			name = Debug;
		};
		63CEC29C1C2DADA900632FDB /* Release */ = {
			isa = XCBuildConfiguration;
			buildSettings = {
				INFOPLIST_FILE = TennojiZooBeaconUITests/Info.plist;
				LD_RUNPATH_SEARCH_PATHS = "$(inherited) @executable_path/Frameworks @loader_path/Frameworks";
				PRODUCT_BUNDLE_IDENTIFIER = nwatabou.TennojiZooBeaconUITests;
				PRODUCT_NAME = "$(TARGET_NAME)";
				TEST_TARGET_NAME = TennojiZooBeacon;
				USES_XCTRUNNER = YES;
			};
			name = Release;
		};
/* End XCBuildConfiguration section */

/* Begin XCConfigurationList section */
		63CEC2671C2DADA900632FDB /* Build configuration list for PBXProject "TennojiZooBeacon" */ = {
			isa = XCConfigurationList;
			buildConfigurations = (
				63CEC2921C2DADA900632FDB /* Debug */,
				63CEC2931C2DADA900632FDB /* Release */,
			);
			defaultConfigurationIsVisible = 0;
			defaultConfigurationName = Release;
		};
		63CEC2941C2DADA900632FDB /* Build configuration list for PBXNativeTarget "TennojiZooBeacon" */ = {
			isa = XCConfigurationList;
			buildConfigurations = (
				63CEC2951C2DADA900632FDB /* Debug */,
				63CEC2961C2DADA900632FDB /* Release */,
			);
			defaultConfigurationIsVisible = 0;
			defaultConfigurationName = Release;
		};
		63CEC2971C2DADA900632FDB /* Build configuration list for PBXNativeTarget "TennojiZooBeaconTests" */ = {
			isa = XCConfigurationList;
			buildConfigurations = (
				63CEC2981C2DADA900632FDB /* Debug */,
				63CEC2991C2DADA900632FDB /* Release */,
			);
			defaultConfigurationIsVisible = 0;
			defaultConfigurationName = Release;
		};
		63CEC29A1C2DADA900632FDB /* Build configuration list for PBXNativeTarget "TennojiZooBeaconUITests" */ = {
			isa = XCConfigurationList;
			buildConfigurations = (
				63CEC29B1C2DADA900632FDB /* Debug */,
				63CEC29C1C2DADA900632FDB /* Release */,
			);
			defaultConfigurationIsVisible = 0;
			defaultConfigurationName = Release;
		};
/* End XCConfigurationList section */
	};
	rootObject = 63CEC2641C2DADA900632FDB /* Project object */;
}
